
Microsoft Visual Studio Solution File, Format Version 12.00
# Visual Studio Version 16
VisualStudioVersion = 16.0.31515.178
MinimumVisualStudioVersion = 10.0.40219.1
Project("{FAE04EC0-301F-11D3-BF4B-00C04F79EFBC}") = "ProgramacionAvanzadaUned.Controlador", "ProgramacionAvanzadaUned.Controlador\ProgramacionAvanzadaUned.Controlador.csproj", "{40B309AE-3361-4B79-863D-B305180CEF3E}"
EndProject
Project("{FAE04EC0-301F-11D3-BF4B-00C04F79EFBC}") = "ProgramacionAvanzadaUned.Modelo", "ProgramacionAvanzadaUned.Modelo\ProgramacionAvanzadaUned.Modelo.csproj", "{9BA4D427-BD62-4B55-9C0A-E61193C271A0}"
EndProject
Project("{FAE04EC0-301F-11D3-BF4B-00C04F79EFBC}") = "ProgramacionAvanzadaUned.View", "ProgramacionAvanzadaUned.View\ProgramacionAvanzadaUned.View.csproj", "{BE29775C-5183-470A-A913-2A6A59B47F86}"
EndProject
Global
	GlobalSection(SolutionConfigurationPlatforms) = preSolution
		Debug|Any CPU = Debug|Any CPU
		Release|Any CPU = Release|Any CPU
	EndGlobalSection
	GlobalSection(ProjectConfigurationPlatforms) = postSolution
		{40B309AE-3361-4B79-863D-B305180CEF3E}.Debug|Any CPU.ActiveCfg = Debug|Any CPU
		{40B309AE-3361-4B79-863D-B305180CEF3E}.Debug|Any CPU.Build.0 = Debug|Any CPU
		{40B309AE-3361-4B79-863D-B305180CEF3E}.Release|Any CPU.ActiveCfg = Release|Any CPU
		{40B309AE-3361-4B79-863D-B305180CEF3E}.Release|Any CPU.Build.0 = Release|Any CPU
		{9BA4D427-BD62-4B55-9C0A-E61193C271A0}.Debug|Any CPU.ActiveCfg = Debug|Any CPU
		{9BA4D427-BD62-4B55-9C0A-E61193C271A0}.Debug|Any CPU.Build.0 = Debug|Any CPU
		{9BA4D427-BD62-4B55-9C0A-E61193C271A0}.Release|Any CPU.ActiveCfg = Release|Any CPU
		{9BA4D427-BD62-4B55-9C0A-E61193C271A0}.Release|Any CPU.Build.0 = Release|Any CPU
		{BE29775C-5183-470A-A913-2A6A59B47F86}.Debug|Any CPU.ActiveCfg = Debug|Any CPU
		{BE29775C-5183-470A-A913-2A6A59B47F86}.Debug|Any CPU.Build.0 = Debug|Any CPU
		{BE29775C-5183-470A-A913-2A6A59B47F86}.Release|Any CPU.ActiveCfg = Release|Any CPU
		{BE29775C-5183-470A-A913-2A6A59B47F86}.Release|Any CPU.Build.0 = Release|Any CPU
	EndGlobalSection
	GlobalSection(SolutionProperties) = preSolution
		HideSolutionNode = FALSE
	EndGlobalSection
	GlobalSection(ExtensibilityGlobals) = postSolution
		SolutionGuid = {ADA1DF93-A5A9-4BBF-AFE3-2B8EF55DFDB3}
	EndGlobalSection
EndGlobal
